// !$*UTF8*$!
{
	archiveVersion = 1;
	classes = {
	};
	objectVersion = 46;
	objects = {

/* Begin PBXBuildFile section */
		E716E5BE21A50788002C716A /* AppDelegate.swift in Sources */ = {isa = PBXBuildFile; fileRef = E716E5BD21A50788002C716A /* AppDelegate.swift */; };
		E716E5C021A50788002C716A /* ViewController.swift in Sources */ = {isa = PBXBuildFile; fileRef = E716E5BF21A50788002C716A /* ViewController.swift */; };
		E716E5C321A50788002C716A /* Main.storyboard in Resources */ = {isa = PBXBuildFile; fileRef = E716E5C121A50788002C716A /* Main.storyboard */; };
		E716E5C521A50788002C716A /* Assets.xcassets in Resources */ = {isa = PBXBuildFile; fileRef = E716E5C421A50788002C716A /* Assets.xcassets */; };
		E716E5C821A50788002C716A /* LaunchScreen.storyboard in Resources */ = {isa = PBXBuildFile; fileRef = E716E5C621A50788002C716A /* LaunchScreen.storyboard */; };
/* End PBXBuildFile section */

/* Begin PBXFileReference section */
		E716E5BA21A50788002C716A /* projecdemo.app */ = {isa = PBXFileReference; explicitFileType = wrapper.application; includeInIndex = 0; path = projecdemo.app; sourceTree = BUILT_PRODUCTS_DIR; };
		E716E5BD21A50788002C716A /* AppDelegate.swift */ = {isa = PBXFileReference; lastKnownFileType = sourcecode.swift; path = AppDelegate.swift; sourceTree = "<group>"; };
		E716E5BF21A50788002C716A /* ViewController.swift */ = {isa = PBXFileReference; lastKnownFileType = sourcecode.swift; path = ViewController.swift; sourceTree = "<group>"; };
		E716E5C221A50788002C716A /* Base */ = {isa = PBXFileReference; lastKnownFileType = file.storyboard; name = Base; path = Base.lproj/Main.storyboard; sourceTree = "<group>"; };
		E716E5C421A50788002C716A /* Assets.xcassets */ = {isa = PBXFileReference; lastKnownFileType = folder.assetcatalog; path = Assets.xcassets; sourceTree = "<group>"; };
		E716E5C721A50788002C716A /* Base */ = {isa = PBXFileReference; lastKnownFileType = file.storyboard; name = Base; path = Base.lproj/LaunchScreen.storyboard; sourceTree = "<group>"; };
		E716E5C921A50788002C716A /* Info.plist */ = {isa = PBXFileReference; lastKnownFileType = text.plist.xml; path = Info.plist; sourceTree = "<group>"; };
/* End PBXFileReference section */

/* Begin PBXFrameworksBuildPhase section */
		E716E5B721A50787002C716A /* Frameworks */ = {
			isa = PBXFrameworksBuildPhase;
			buildActionMask = 2147483647;
			files = (
			);
			runOnlyForDeploymentPostprocessing = 0;
		};
/* End PBXFrameworksBuildPhase section */

/* Begin PBXGroup section */
		E716E5B121A50787002C716A = {
			isa = PBXGroup;
			children = (
				E716E5BC21A50788002C716A /* projecdemo */,
				E716E5BB21A50788002C716A /* Products */,
			);
			sourceTree = "<group>";
		};
		E716E5BB21A50788002C716A /* Products */ = {
			isa = PBXGroup;
			children = (
				E716E5BA21A50788002C716A /* projecdemo.app */,
			);
			name = Products;
			sourceTree = "<group>";
		};
		E716E5BC21A50788002C716A /* projecdemo */ = {
			isa = PBXGroup;
			children = (
				E716E5BD21A50788002C716A /* AppDelegate.swift */,
				E716E5BF21A50788002C716A /* ViewController.swift */,
				E716E5C121A50788002C716A /* Main.storyboard */,
				E716E5C421A50788002C716A /* Assets.xcassets */,
				E716E5C621A50788002C716A /* LaunchScreen.storyboard */,
				E716E5C921A50788002C716A /* Info.plist */,
			);
			path = projecdemo;
			sourceTree = "<group>";
		};
/* End PBXGroup section */

/* Begin PBXNativeTarget section */
		E716E5B921A50787002C716A /* projecdemo */ = {
			isa = PBXNativeTarget;
			buildConfigurationList = E716E5CC21A50788002C716A /* Build configuration list for PBXNativeTarget "projecdemo" */;
			buildPhases = (
				E716E5B621A50787002C716A /* Sources */,
				E716E5B721A50787002C716A /* Frameworks */,
				E716E5B821A50787002C716A /* Resources */,
			);
			buildRules = (
			);
			dependencies = (
			);
			name = projecdemo;
			productName = projecdemo;
			productReference = E716E5BA21A50788002C716A /* projecdemo.app */;
			productType = "com.apple.product-type.application";
		};
/* End PBXNativeTarget section */

/* Begin PBXProject section */
		E716E5B221A50787002C716A /* Project object */ = {
			isa = PBXProject;
			attributes = {
				LastSwiftUpdateCheck = 0820;
				LastUpgradeCheck = 0820;
				ORGANIZATIONNAME = TOPS;
				TargetAttributes = {
					E716E5B921A50787002C716A = {
						CreatedOnToolsVersion = 8.2.1;
						ProvisioningStyle = Automatic;
					};
				};
			};
			buildConfigurationList = E716E5B521A50787002C716A /* Build configuration list for PBXProject "projecdemo" */;
			compatibilityVersion = "Xcode 3.2";
			developmentRegion = English;
			hasScannedForEncodings = 0;
			knownRegions = (
				en,
				Base,
			);
			mainGroup = E716E5B121A50787002C716A;
			productRefGroup = E716E5BB21A50788002C716A /* Products */;
			projectDirPath = "";
			projectRoot = "";
			targets = (
				E716E5B921A50787002C716A /* projecdemo */,
			);
		};
/* End PBXProject section */

/* Begin PBXResourcesBuildPhase section */
		E716E5B821A50787002C716A /* Resources */ = {
			isa = PBXResourcesBuildPhase;
			buildActionMask = 2147483647;
			files = (
				E716E5C821A50788002C716A /* LaunchScreen.storyboard in Resources */,
				E716E5C521A50788002C716A /* Assets.xcassets in Resources */,
				E716E5C321A50788002C716A /* Main.storyboard in Resources */,
			);
			runOnlyForDeploymentPostprocessing = 0;
		};
/* End PBXResourcesBuildPhase section */

/* Begin PBXSourcesBuildPhase section */
		E716E5B621A50787002C716A /* Sources */ = {
			isa = PBXSourcesBuildPhase;
			buildActionMask = 2147483647;
			files = (
				E716E5C021A50788002C716A /* ViewController.swift in Sources */,
				E716E5BE21A50788002C716A /* AppDelegate.swift in Sources */,
			);
			runOnlyForDeploymentPostprocessing = 0;
		};
/* End PBXSourcesBuildPhase section */

/* Begin PBXVariantGroup section */
		E716E5C121A50788002C716A /* Main.storyboard */ = {
			isa = PBXVariantGroup;
			children = (
				E716E5C221A50788002C716A /* Base */,
			);
			name = Main.storyboard;
			sourceTree = "<group>";
		};
		E716E5C621A50788002C716A /* LaunchScreen.storyboard */ = {
			isa = PBXVariantGroup;
			children = (
				E716E5C721A50788002C716A /* Base */,
			);
			name = LaunchScreen.storyboard;
			sourceTree = "<group>";
		};
/* End PBXVariantGroup section */

/* Begin XCBuildConfiguration section */
		E716E5CA21A50788002C716A /* Debug */ = {
			isa = XCBuildConfiguration;
			buildSettings = {
				ALWAYS_SEARCH_USER_PATHS = NO;
				CLANG_ANALYZER_NONNULL = YES;
				CLANG_CXX_LANGUAGE_STANDARD = "gnu++0x";
				CLANG_CXX_LIBRARY = "libc++";
				CLANG_ENABLE_MODULES = YES;
				CLANG_ENABLE_OBJC_ARC = YES;
				CLANG_WARN_BOOL_CONVERSION = YES;
				CLANG_WARN_CONSTANT_CONVERSION = YES;
				CLANG_WARN_DIRECT_OBJC_ISA_USAGE = YES_ERROR;
				CLANG_WARN_DOCUMENTATION_COMMENTS = YES;
				CLANG_WARN_EMPTY_BODY = YES;
				CLANG_WARN_ENUM_CONVERSION = YES;
				CLANG_WARN_INFINITE_RECURSION = YES;
				CLANG_WARN_INT_CONVERSION = YES;
				CLANG_WARN_OBJC_ROOT_CLASS = YES_ERROR;
				CLANG_WARN_SUSPICIOUS_MOVE = YES;
				CLANG_WARN_UNREACHABLE_CODE = YES;
				CLANG_WARN__DUPLICATE_METHOD_MATCH = YES;
				"CODE_SIGN_IDENTITY[sdk=iphoneos*]" = "iPhone Developer";
				COPY_PHASE_STRIP = NO;
				DEBUG_INFORMATION_FORMAT = dwarf;
				ENABLE_STRICT_OBJC_MSGSEND = YES;
				ENABLE_TESTABILITY = YES;
				GCC_C_LANGUAGE_STANDARD = gnu99;
				GCC_DYNAMIC_NO_PIC = NO;
				GCC_NO_COMMON_BLOCKS = YES;
				GCC_OPTIMIZATION_LEVEL = 0;
				GCC_PREPROCESSOR_DEFINITIONS = (
					"DEBUG=1",
					"$(inherited)",
				);
				GCC_WARN_64_TO_32_BIT_CONVERSION = YES;
				GCC_WARN_ABOUT_RETURN_TYPE = YES_ERROR;
				GCC_WARN_UNDECLARED_SELECTOR = YES;
				GCC_WARN_UNINITIALIZED_AUTOS = YES_AGGRESSIVE;
				GCC_WARN_UNUSED_FUNCTION = YES;
				GCC_WARN_UNUSED_VARIABLE = YES;
				IPHONEOS_DEPLOYMENT_TARGET = 10.2;
				MTL_ENABLE_DEBUG_INFO = YES;
				ONLY_ACTIVE_ARCH = YES;
				SDKROOT = iphoneos;
				SWIFT_ACTIVE_COMPILATION_CONDITIONS = DEBUG;
				SWIFT_OPTIMIZATION_LEVEL = "-Onone";
			};
			name = Debug;
		};
		E716E5CB21A50788002C716A /* Release */ = {
			isa = XCBuildConfiguration;
			buildSettings = {
				ALWAYS_SEARCH_USER_PATHS = NO;
				CLANG_ANALYZER_NONNULL = YES;
				CLANG_CXX_LANGUAGE_STANDARD = "gnu++0x";
				CLANG_CXX_LIBRARY = "libc++";
				CLANG_ENABLE_MODULES = YES;
				CLANG_ENABLE_OBJC_ARC = YES;
				CLANG_WARN_BOOL_CONVERSION = YES;
				CLANG_WARN_CONSTANT_CONVERSION = YES;
				CLANG_WARN_DIRECT_OBJC_ISA_USAGE = YES_ERROR;
				CLANG_WARN_DOCUMENTATION_COMMENTS = YES;
				CLANG_WARN_EMPTY_BODY = YES;
				CLANG_WARN_ENUM_CONVERSION = YES;
				CLANG_WARN_INFINITE_RECURSION = YES;
				CLANG_WARN_INT_CONVERSION = YES;
				CLANG_WARN_OBJC_ROOT_CLASS = YES_ERROR;
				CLANG_WARN_SUSPICIOUS_MOVE = YES;
				CLANG_WARN_UNREACHABLE_CODE = YES;
				CLANG_WARN__DUPLICATE_METHOD_MATCH = YES;
				"CODE_SIGN_IDENTITY[sdk=iphoneos*]" = "iPhone Developer";
				COPY_PHASE_STRIP = NO;
				DEBUG_INFORMATION_FORMAT = "dwarf-with-dsym";
				ENABLE_NS_ASSERTIONS = NO;
				ENABLE_STRICT_OBJC_MSGSEND = YES;
				GCC_C_LANGUAGE_STANDARD = gnu99;
				GCC_NO_COMMON_BLOCKS = YES;
				GCC_WARN_64_TO_32_BIT_CONVERSION = YES;
				GCC_WARN_ABOUT_RETURN_TYPE = YES_ERROR;
				GCC_WARN_UNDECLARED_SELECTOR = YES;
				GCC_WARN_UNINITIALIZED_AUTOS = YES_AGGRESSIVE;
				GCC_WARN_UNUSED_FUNCTION = YES;
				GCC_WARN_UNUSED_VARIABLE = YES;
				IPHONEOS_DEPLOYMENT_TARGET = 10.2;
				MTL_ENABLE_DEBUG_INFO = NO;
				SDKROOT = iphoneos;
				SWIFT_OPTIMIZATION_LEVEL = "-Owholemodule";
				VALIDATE_PRODUCT = YES;
			};
			name = Release;
		};
		E716E5CD21A50788002C716A /* Debug */ = {
			isa = XCBuildConfiguration;
			buildSettings = {
				ASSETCATALOG_COMPILER_APPICON_NAME = AppIcon;
				INFOPLIST_FILE = projecdemo/Info.plist;
				LD_RUNPATH_SEARCH_PATHS = "$(inherited) @executable_path/Frameworks";
				PRODUCT_BUNDLE_IDENTIFIER = tops.projecdemo;
				PRODUCT_NAME = "$(TARGET_NAME)";
				SWIFT_VERSION = 3.0;
			};
			name = Debug;
		};
		E716E5CE21A50788002C716A /* Release */ = {
			isa = XCBuildConfiguration;
			buildSettings = {
				ASSETCATALOG_COMPILER_APPICON_NAME = AppIcon;
				INFOPLIST_FILE = projecdemo/Info.plist;
				LD_RUNPATH_SEARCH_PATHS = "$(inherited) @executable_path/Frameworks";
				PRODUCT_BUNDLE_IDENTIFIER = tops.projecdemo;
				PRODUCT_NAME = "$(TARGET_NAME)";
				SWIFT_VERSION = 3.0;
			};
			name = Release;
		};
/* End XCBuildConfiguration section */

/* Begin XCConfigurationList section */
		E716E5B521A50787002C716A /* Build configuration list for PBXProject "projecdemo" */ = {
			isa = XCConfigurationList;
			buildConfigurations = (
				E716E5CA21A50788002C716A /* Debug */,
				E716E5CB21A50788002C716A /* Release */,
			);
			defaultConfigurationIsVisible = 0;
			defaultConfigurationName = Release;
		};
		E716E5CC21A50788002C716A /* Build configuration list for PBXNativeTarget "projecdemo" */ = {
			isa = XCConfigurationList;
			buildConfigurations = (
				E716E5CD21A50788002C716A /* Debug */,
				E716E5CE21A50788002C716A /* Release */,
			);
			defaultConfigurationIsVisible = 0;
		};
/* End XCConfigurationList section */
	};
	rootObject = E716E5B221A50787002C716A /* Project object */;
}
